{
  "name": "lab1",
  "version": "1.0.0",
  "lockfileVersion": 3,
  "requires": true,
  "packages": {
    "": {
      "name": "lab1",
      "version": "1.0.0",
      "license": "MIT",
      "dependencies": {
        "@reduxjs/toolkit": "^2.1.0",
        "@vkontakte/vkui": "^6.0.0",
        "axios": "^1.6.7",
        "chart.js": "^4.4.1",
        "query-string": "^8.2.0",
        "react": "^18.2.0",
        "react-chartjs-2": "^5.2.0",
        "react-dom": "^18.2.0",
        "react-redux": "^9.1.0",
        "react-table": "^7.8.0",
        "redux-logger": "^3.0.6",
        "uuid": "^9.0.1"
      }
    },
    "node_modules/@floating-ui/core": {
      "version": "1.6.0",
      "resolved": "https://registry.npmjs.org/@floating-ui/core/-/core-1.6.0.tgz",
      "integrity": "sha512-PcF++MykgmTj3CIyOQbKA/hDzOAiqI3mhuoN44WRCopIs1sgoDoU4oty4Jtqaj/y3oDU6fnVSm4QG0a3t5i0+g==",
      "dependencies": {
        "@floating-ui/utils": "^0.2.1"
      }
    },
    "node_modules/@floating-ui/dom": {
      "version": "1.6.1",
      "resolved": "https://registry.npmjs.org/@floating-ui/dom/-/dom-1.6.1.tgz",
      "integrity": "sha512-iA8qE43/H5iGozC3W0YSnVSW42Vh522yyM1gj+BqRwVsTNOyr231PsXDaV04yT39PsO0QL2QpbI/M0ZaLUQgRQ==",
      "dependencies": {
        "@floating-ui/core": "^1.6.0",
        "@floating-ui/utils": "^0.2.1"
      }
    },
    "node_modules/@floating-ui/react-dom": {
      "version": "2.0.8",
      "resolved": "https://registry.npmjs.org/@floating-ui/react-dom/-/react-dom-2.0.8.tgz",
      "integrity": "sha512-HOdqOt3R3OGeTKidaLvJKcgg75S6tibQ3Tif4eyd91QnIJWr0NLvoXFpJA/j8HqkFSL68GDca9AuyWEHlhyClw==",
      "dependencies": {
        "@floating-ui/dom": "^1.6.1"
      },
      "peerDependencies": {
        "react": ">=16.8.0",
        "react-dom": ">=16.8.0"
      }
    },
    "node_modules/@floating-ui/utils": {
      "version": "0.2.1",
      "resolved": "https://registry.npmjs.org/@floating-ui/utils/-/utils-0.2.1.tgz",
      "integrity": "sha512-9TANp6GPoMtYzQdt54kfAyMmz1+osLlXdg2ENroU7zzrtflTLrrC/lgrIfaSe+Wu0b89GKccT7vxXA0MoAIO+Q=="
    },
    "node_modules/@kurkle/color": {
      "version": "0.3.2",
      "resolved": "https://registry.npmjs.org/@kurkle/color/-/color-0.3.2.tgz",
      "integrity": "sha512-fuscdXJ9G1qb7W8VdHi+IwRqij3lBkosAm4ydQtEmbY58OzHXqQhvlxqEkoz0yssNVn38bcpRWgA9PP+OGoisw=="
    },
    "node_modules/@reduxjs/toolkit": {
      "version": "2.1.0",
      "resolved": "https://registry.npmjs.org/@reduxjs/toolkit/-/toolkit-2.1.0.tgz",
      "integrity": "sha512-nfJ/b4ZhzUevQ1ZPKjlDL6CMYxO4o7ZL7OSsvSOxzT/EN11LsBDgTqP7aedHtBrFSVoK7oTP1SbMWUwGb30NLg==",
      "dependencies": {
        "immer": "^10.0.3",
        "redux": "^5.0.1",
        "redux-thunk": "^3.1.0",
        "reselect": "^5.0.1"
      },
      "peerDependencies": {
        "react": "^16.9.0 || ^17.0.0 || ^18",
        "react-redux": "^7.2.1 || ^8.1.3 || ^9.0.0"
      },
      "peerDependenciesMeta": {
        "react": {
          "optional": true
        },
        "react-redux": {
          "optional": true
        }
      }
    },
    "node_modules/@swc/helpers": {
      "version": "0.5.6",
      "resolved": "https://registry.npmjs.org/@swc/helpers/-/helpers-0.5.6.tgz",
      "integrity": "sha512-aYX01Ke9hunpoCexYAgQucEpARGQ5w/cqHFrIR+e9gdKb1QWTsVJuTJ2ozQzIAxLyRQe/m+2RqzkyOOGiMKRQA==",
      "dependencies": {
        "tslib": "^2.4.0"
      }
    },
    "node_modules/@types/use-sync-external-store": {
      "version": "0.0.3",
      "resolved": "https://registry.npmjs.org/@types/use-sync-external-store/-/use-sync-external-store-0.0.3.tgz",
      "integrity": "sha512-EwmlvuaxPNej9+T4v5AuBPJa2x2UOJVdjCtDHgcDqitUeOtjnJKJ+apYjVcAoBEMjKW1VVFGZLUb5+qqa09XFA=="
    },
    "node_modules/@vkontakte/icons": {
      "version": "2.96.0",
      "resolved": "https://registry.npmjs.org/@vkontakte/icons/-/icons-2.96.0.tgz",
      "integrity": "sha512-HfVD8Jxby66HrjnJEFcknxcLnlyi58GAdZEv897QhQlwxodfLL26tOWLCQu8B5UEL6bcaqUezOQIOQ3D843UZg==",
      "dependencies": {
        "@vkontakte/icons-sprite": "2.0.0"
      },
      "peerDependencies": {
        "react": "^16.9.34 || ^17 || ^18"
      }
    },
    "node_modules/@vkontakte/icons-sprite": {
      "version": "2.0.0",
      "resolved": "https://registry.npmjs.org/@vkontakte/icons-sprite/-/icons-sprite-2.0.0.tgz",
      "integrity": "sha512-P/AMcwSfiRY0tEEMv6jIt5FgAo7lr4K8uCeOD/c8CCuLEZFoUfMW7D50IWaGKHyCTWgPIFgGFiOypj45pD5hVg==",
      "dependencies": {
        "@swc/helpers": "^0.5.1"
      },
      "peerDependencies": {
        "react": "^16.9.34 || ^17 || ^18"
      }
    },
    "node_modules/@vkontakte/vkjs": {
      "version": "1.1.1",
      "resolved": "https://registry.npmjs.org/@vkontakte/vkjs/-/vkjs-1.1.1.tgz",
      "integrity": "sha512-+tOfx6M+tsHweG+2xEHUUA5SAWbA2dYYX8Owa6uQ8OpwDq6LCgGikCas2SWDA61N5IXerfbfhDaKwFTuoG2vMg==",
      "dependencies": {
        "@swc/helpers": "^0.5.0"
      },
      "engines": {
        "yarn": "^1.21.1"
      }
    },
    "node_modules/@vkontakte/vkui": {
      "version": "6.0.0",
      "resolved": "https://registry.npmjs.org/@vkontakte/vkui/-/vkui-6.0.0.tgz",
      "integrity": "sha512-KnbLCumeOhG1MXz9N3WyCht9ClRakTFvrw+vIQXrJAH52mYOyfBsQXQ4ePlEiOHolS1XyWe2cLtJkbf2f7XoPg==",
      "dependencies": {
        "@swc/helpers": "^0.5.3",
        "@vkontakte/icons": "^2.62.0",
        "@vkontakte/vkjs": "^1.1.1",
        "@vkontakte/vkui-floating-ui": "^0.1.2",
        "dayjs": "^1.11.10",
        "mitt": "^3.0.1"
      },
      "peerDependencies": {
        "react": "^18.2.0",
        "react-dom": "^18.2.0"
      }
    },
    "node_modules/@vkontakte/vkui-floating-ui": {
      "version": "0.1.5",
      "resolved": "https://registry.npmjs.org/@vkontakte/vkui-floating-ui/-/vkui-floating-ui-0.1.5.tgz",
      "integrity": "sha512-5BJOI3/K+aDMdhpvftbvaAlpXktU9fPkYpG5cOQDKTZ9uissWOc0Kk350vInPWIsH9nlovjswKtVmKl0/fA/mQ==",
      "dependencies": {
        "@floating-ui/react-dom": "^2.0.8",
        "@swc/helpers": "^0.5.3"
      },
      "peerDependencies": {
        "react": ">=16.8.0",
        "react-dom": ">=16.8.0"
      }
    },
    "node_modules/asynckit": {
      "version": "0.4.0",
      "resolved": "https://registry.npmjs.org/asynckit/-/asynckit-0.4.0.tgz",
      "integrity": "sha512-Oei9OH4tRh0YqU3GxhX79dM/mwVgvbZJaSNaRk+bshkj0S5cfHcgYakreBjrHwatXKbz+IoIdYLxrKim2MjW0Q=="
    },
    "node_modules/axios": {
      "version": "1.6.7",
      "resolved": "https://registry.npmjs.org/axios/-/axios-1.6.7.tgz",
      "integrity": "sha512-/hDJGff6/c7u0hDkvkGxR/oy6CbCs8ziCsC7SqmhjfozqiJGc8Z11wrv9z9lYfY4K8l+H9TpjcMDX0xOZmx+RA==",
      "dependencies": {
        "follow-redirects": "^1.15.4",
        "form-data": "^4.0.0",
        "proxy-from-env": "^1.1.0"
      }
    },
    "node_modules/chart.js": {
      "version": "4.4.1",
      "resolved": "https://registry.npmjs.org/chart.js/-/chart.js-4.4.1.tgz",
      "integrity": "sha512-C74QN1bxwV1v2PEujhmKjOZ7iUM4w6BWs23Md/6aOZZSlwMzeCIDGuZay++rBgChYru7/+QFeoQW0fQoP534Dg==",
      "dependencies": {
        "@kurkle/color": "^0.3.0"
      },
      "engines": {
        "pnpm": ">=7"
      }
    },
    "node_modules/combined-stream": {
      "version": "1.0.8",
      "resolved": "https://registry.npmjs.org/combined-stream/-/combined-stream-1.0.8.tgz",
      "integrity": "sha512-FQN4MRfuJeHf7cBbBMJFXhKSDq+2kAArBlmRBvcvFE5BB1HZKXtSFASDhdlz9zOYwxh8lDdnvmMOe/+5cdoEdg==",
      "dependencies": {
        "delayed-stream": "~1.0.0"
      },
      "engines": {
        "node": ">= 0.8"
      }
    },
    "node_modules/dayjs": {
      "version": "1.11.10",
      "resolved": "https://registry.npmjs.org/dayjs/-/dayjs-1.11.10.tgz",
      "integrity": "sha512-vjAczensTgRcqDERK0SR2XMwsF/tSvnvlv6VcF2GIhg6Sx4yOIt/irsr1RDJsKiIyBzJDpCoXiWWq28MqH2cnQ=="
    },
    "node_modules/decode-uri-component": {
      "version": "0.4.1",
      "resolved": "https://registry.npmjs.org/decode-uri-component/-/decode-uri-component-0.4.1.tgz",
      "integrity": "sha512-+8VxcR21HhTy8nOt6jf20w0c9CADrw1O8d+VZ/YzzCt4bJ3uBjw+D1q2osAB8RnpwwaeYBxy0HyKQxD5JBMuuQ==",
      "engines": {
        "node": ">=14.16"
      }
    },
    "node_modules/deep-diff": {
      "version": "0.3.8",
      "resolved": "https://registry.npmjs.org/deep-diff/-/deep-diff-0.3.8.tgz",
      "integrity": "sha512-yVn6RZmHiGnxRKR9sJb3iVV2XTF1Ghh2DiWRZ3dMnGc43yUdWWF/kX6lQyk3+P84iprfWKU/8zFTrlkvtFm1ug=="
    },
    "node_modules/delayed-stream": {
      "version": "1.0.0",
      "resolved": "https://registry.npmjs.org/delayed-stream/-/delayed-stream-1.0.0.tgz",
      "integrity": "sha512-ZySD7Nf91aLB0RxL4KGrKHBXl7Eds1DAmEdcoVawXnLD7SDhpNgtuII2aAkg7a7QS41jxPSZ17p4VdGnMHk3MQ==",
      "engines": {
        "node": ">=0.4.0"
      }
    },
    "node_modules/filter-obj": {
      "version": "5.1.0",
      "resolved": "https://registry.npmjs.org/filter-obj/-/filter-obj-5.1.0.tgz",
      "integrity": "sha512-qWeTREPoT7I0bifpPUXtxkZJ1XJzxWtfoWWkdVGqa+eCr3SHW/Ocp89o8vLvbUuQnadybJpjOKu4V+RwO6sGng==",
      "engines": {
        "node": ">=14.16"
      },
      "funding": {
        "url": "https://github.com/sponsors/sindresorhus"
      }
    },
    "node_modules/follow-redirects": {
      "version": "1.15.5",
      "resolved": "https://registry.npmjs.org/follow-redirects/-/follow-redirects-1.15.5.tgz",
      "integrity": "sha512-vSFWUON1B+yAw1VN4xMfxgn5fTUiaOzAJCKBwIIgT/+7CuGy9+r+5gITvP62j3RmaD5Ph65UaERdOSRGUzZtgw==",
      "funding": [
        {
          "type": "individual",
          "url": "https://github.com/sponsors/RubenVerborgh"
        }
      ],
      "engines": {
        "node": ">=4.0"
      },
      "peerDependenciesMeta": {
        "debug": {
          "optional": true
        }
      }
    },
    "node_modules/form-data": {
      "version": "4.0.0",
      "resolved": "https://registry.npmjs.org/form-data/-/form-data-4.0.0.tgz",
      "integrity": "sha512-ETEklSGi5t0QMZuiXoA/Q6vcnxcLQP5vdugSpuAyi6SVGi2clPPp+xgEhuMaHC+zGgn31Kd235W35f7Hykkaww==",
      "dependencies": {
        "asynckit": "^0.4.0",
        "combined-stream": "^1.0.8",
        "mime-types": "^2.1.12"
      },
      "engines": {
        "node": ">= 6"
      }
    },
    "node_modules/immer": {
      "version": "10.0.3",
      "resolved": "https://registry.npmjs.org/immer/-/immer-10.0.3.tgz",
      "integrity": "sha512-pwupu3eWfouuaowscykeckFmVTpqbzW+rXFCX8rQLkZzM9ftBmU/++Ra+o+L27mz03zJTlyV4UUr+fdKNffo4A==",
      "funding": {
        "type": "opencollective",
        "url": "https://opencollective.com/immer"
      }
    },
    "node_modules/js-tokens": {
      "version": "4.0.0",
      "resolved": "https://registry.npmjs.org/js-tokens/-/js-tokens-4.0.0.tgz",
      "integrity": "sha512-RdJUflcE3cUzKiMqQgsCu06FPu9UdIJO0beYbPhHN4k6apgJtifcoCtT9bcxOpYBtpD2kCM6Sbzg4CausW/PKQ=="
    },
    "node_modules/loose-envify": {
      "version": "1.4.0",
      "resolved": "https://registry.npmjs.org/loose-envify/-/loose-envify-1.4.0.tgz",
      "integrity": "sha512-lyuxPGr/Wfhrlem2CL/UcnUc1zcqKAImBDzukY7Y5F/yQiNdko6+fRLevlw1HgMySw7f611UIY408EtxRSoK3Q==",
      "dependencies": {
        "js-tokens": "^3.0.0 || ^4.0.0"
      },
      "bin": {
        "loose-envify": "cli.js"
      }
    },
    "node_modules/mime-db": {
      "version": "1.52.0",
      "resolved": "https://registry.npmjs.org/mime-db/-/mime-db-1.52.0.tgz",
      "integrity": "sha512-sPU4uV7dYlvtWJxwwxHD0PuihVNiE7TyAbQ5SWxDCB9mUYvOgroQOwYQQOKPJ8CIbE+1ETVlOoK1UC2nU3gYvg==",
      "engines": {
        "node": ">= 0.6"
      }
    },
    "node_modules/mime-types": {
      "version": "2.1.35",
      "resolved": "https://registry.npmjs.org/mime-types/-/mime-types-2.1.35.tgz",
      "integrity": "sha512-ZDY+bPm5zTTF+YpCrAU9nK0UgICYPT0QtT1NZWFv4s++TNkcgVaT0g6+4R2uI4MjQjzysHB1zxuWL50hzaeXiw==",
      "dependencies": {
        "mime-db": "1.52.0"
      },
      "engines": {
        "node": ">= 0.6"
      }
    },
    "node_modules/mitt": {
      "version": "3.0.1",
      "resolved": "https://registry.npmjs.org/mitt/-/mitt-3.0.1.tgz",
      "integrity": "sha512-vKivATfr97l2/QBCYAkXYDbrIWPM2IIKEl7YPhjCvKlG3kE2gm+uBo6nEXK3M5/Ffh/FLpKExzOQ3JJoJGFKBw=="
    },
    "node_modules/proxy-from-env": {
      "version": "1.1.0",
      "resolved": "https://registry.npmjs.org/proxy-from-env/-/proxy-from-env-1.1.0.tgz",
      "integrity": "sha512-D+zkORCbA9f1tdWRK0RaCR3GPv50cMxcrz4X8k5LTSUD1Dkw47mKJEZQNunItRTkWwgtaUSo1RVFRIG9ZXiFYg=="
    },
    "node_modules/query-string": {
      "version": "8.2.0",
      "resolved": "https://registry.npmjs.org/query-string/-/query-string-8.2.0.tgz",
      "integrity": "sha512-tUZIw8J0CawM5wyGBiDOAp7ObdRQh4uBor/fUR9ZjmbZVvw95OD9If4w3MQxr99rg0DJZ/9CIORcpEqU5hQG7g==",
      "dependencies": {
        "decode-uri-component": "^0.4.1",
        "filter-obj": "^5.1.0",
        "split-on-first": "^3.0.0"
      },
      "engines": {
        "node": ">=14.16"
      },
      "funding": {
        "url": "https://github.com/sponsors/sindresorhus"
      }
    },
    "node_modules/react": {
      "version": "18.2.0",
      "resolved": "https://registry.npmjs.org/react/-/react-18.2.0.tgz",
      "integrity": "sha512-/3IjMdb2L9QbBdWiW5e3P2/npwMBaU9mHCSCUzNln0ZCYbcfTsGbTJrU/kGemdH2IWmB2ioZ+zkxtmq6g09fGQ==",
      "dependencies": {
        "loose-envify": "^1.1.0"
      },
      "engines": {
        "node": ">=0.10.0"
      }
    },
    "node_modules/react-chartjs-2": {
      "version": "5.2.0",
      "resolved": "https://registry.npmjs.org/react-chartjs-2/-/react-chartjs-2-5.2.0.tgz",
      "integrity": "sha512-98iN5aguJyVSxp5U3CblRLH67J8gkfyGNbiK3c+l1QI/G4irHMPQw44aEPmjVag+YKTyQ260NcF82GTQ3bdscA==",
      "peerDependencies": {
        "chart.js": "^4.1.1",
        "react": "^16.8.0 || ^17.0.0 || ^18.0.0"
      }
    },
    "node_modules/react-dom": {
      "version": "18.2.0",
      "resolved": "https://registry.npmjs.org/react-dom/-/react-dom-18.2.0.tgz",
      "integrity": "sha512-6IMTriUmvsjHUjNtEDudZfuDQUoWXVxKHhlEGSk81n4YFS+r/Kl99wXiwlVXtPBtJenozv2P+hxDsw9eA7Xo6g==",
      "dependencies": {
        "loose-envify": "^1.1.0",
        "scheduler": "^0.23.0"
      },
      "peerDependencies": {
        "react": "^18.2.0"
      }
    },
    "node_modules/react-redux": {
      "version": "9.1.0",
      "resolved": "https://registry.npmjs.org/react-redux/-/react-redux-9.1.0.tgz",
      "integrity": "sha512-6qoDzIO+gbrza8h3hjMA9aq4nwVFCKFtY2iLxCtVT38Swyy2C/dJCGBXHeHLtx6qlg/8qzc2MrhOeduf5K32wQ==",
      "dependencies": {
        "@types/use-sync-external-store": "^0.0.3",
        "use-sync-external-store": "^1.0.0"
      },
      "peerDependencies": {
        "@types/react": "^18.2.25",
        "react": "^18.0",
        "react-native": ">=0.69",
        "redux": "^5.0.0"
      },
      "peerDependenciesMeta": {
        "@types/react": {
          "optional": true
        },
        "react-native": {
          "optional": true
        },
        "redux": {
          "optional": true
        }
      }
    },
    "node_modules/react-table": {
      "version": "7.8.0",
      "resolved": "https://registry.npmjs.org/react-table/-/react-table-7.8.0.tgz",
      "integrity": "sha512-hNaz4ygkZO4bESeFfnfOft73iBUj8K5oKi1EcSHPAibEydfsX2MyU6Z8KCr3mv3C9Kqqh71U+DhZkFvibbnPbA==",
      "funding": {
        "type": "github",
        "url": "https://github.com/sponsors/tannerlinsley"
      },
      "peerDependencies": {
        "react": "^16.8.3 || ^17.0.0-0 || ^18.0.0"
      }
    },
    "node_modules/redux": {
      "version": "5.0.1",
      "resolved": "https://registry.npmjs.org/redux/-/redux-5.0.1.tgz",
      "integrity": "sha512-M9/ELqF6fy8FwmkpnF0S3YKOqMyoWJ4+CS5Efg2ct3oY9daQvd/Pc71FpGZsVsbl3Cpb+IIcjBDUnnyBdQbq4w=="
    },
    "node_modules/redux-logger": {
      "version": "3.0.6",
      "resolved": "https://registry.npmjs.org/redux-logger/-/redux-logger-3.0.6.tgz",
      "integrity": "sha512-JoCIok7bg/XpqA1JqCqXFypuqBbQzGQySrhFzewB7ThcnysTO30l4VCst86AuB9T9tuT03MAA56Jw2PNhRSNCg==",
      "dependencies": {
        "deep-diff": "^0.3.5"
      }
    },
    "node_modules/redux-thunk": {
      "version": "3.1.0",
      "resolved": "https://registry.npmjs.org/redux-thunk/-/redux-thunk-3.1.0.tgz",
      "integrity": "sha512-NW2r5T6ksUKXCabzhL9z+h206HQw/NJkcLm1GPImRQ8IzfXwRGqjVhKJGauHirT0DAuyy6hjdnMZaRoAcy0Klw==",
      "peerDependencies": {
        "redux": "^5.0.0"
      }
    },
    "node_modules/reselect": {
      "version": "5.1.0",
      "resolved": "https://registry.npmjs.org/reselect/-/reselect-5.1.0.tgz",
      "integrity": "sha512-aw7jcGLDpSgNDyWBQLv2cedml85qd95/iszJjN988zX1t7AVRJi19d9kto5+W7oCfQ94gyo40dVbT6g2k4/kXg=="
    },
    "node_modules/scheduler": {
      "version": "0.23.0",
      "resolved": "https://registry.npmjs.org/scheduler/-/scheduler-0.23.0.tgz",
      "integrity": "sha512-CtuThmgHNg7zIZWAXi3AsyIzA3n4xx7aNyjwC2VJldO2LMVDhFK+63xGqq6CsJH4rTAt6/M+N4GhZiDYPx9eUw==",
      "dependencies": {
        "loose-envify": "^1.1.0"
      }
    },
    "node_modules/split-on-first": {
      "version": "3.0.0",
      "resolved": "https://registry.npmjs.org/split-on-first/-/split-on-first-3.0.0.tgz",
      "integrity": "sha512-qxQJTx2ryR0Dw0ITYyekNQWpz6f8dGd7vffGNflQQ3Iqj9NJ6qiZ7ELpZsJ/QBhIVAiDfXdag3+Gp8RvWa62AA==",
      "engines": {
        "node": ">=12"
      },
      "funding": {
        "url": "https://github.com/sponsors/sindresorhus"
      }
    },
    "node_modules/tslib": {
      "version": "2.6.2",
      "resolved": "https://registry.npmjs.org/tslib/-/tslib-2.6.2.tgz",
      "integrity": "sha512-AEYxH93jGFPn/a2iVAwW87VuUIkR1FVUKB77NwMF7nBTDkDrrT/Hpt/IrCJ0QXhW27jTBDcf5ZY7w6RiqTMw2Q=="
    },
    "node_modules/use-sync-external-store": {
      "version": "1.2.0",
      "resolved": "https://registry.npmjs.org/use-sync-external-store/-/use-sync-external-store-1.2.0.tgz",
      "integrity": "sha512-eEgnFxGQ1Ife9bzYs6VLi8/4X6CObHMw9Qr9tPY43iKwsPw8xE8+EFsf/2cFZ5S3esXgpWgtSCtLNS41F+sKPA==",
      "peerDependencies": {
        "react": "^16.8.0 || ^17.0.0 || ^18.0.0"
      }
    },
    "node_modules/uuid": {
      "version": "9.0.1",
      "resolved": "https://registry.npmjs.org/uuid/-/uuid-9.0.1.tgz",
      "integrity": "sha512-b+1eJOlsR9K8HJpow9Ok3fiWOWSIcIzXodvv0rQjVoOVNpWMpxf1wZNpt4y9h10odCNrqnYp1OBzRktckBe3sA==",
      "funding": [
        "https://github.com/sponsors/broofa",
        "https://github.com/sponsors/ctavan"
      ],
      "bin": {
        "uuid": "dist/bin/uuid"
      }
    }
  }
}
